
Microsoft Visual Studio Solution File, Format Version 12.00
# Visual Studio Version 17
VisualStudioVersion = 17.13.35825.156 d17.13
MinimumVisualStudioVersion = 10.0.40219.1
Project("{FAE04EC0-301F-11D3-BF4B-00C04F79EFBC}") = "HospitalManagementSystem", "HospitalManagementSystem.csproj", "{FDF77FBE-8A5C-435D-A4B3-9B1F5A8F803E}"
EndProject
Global
	GlobalSection(SolutionConfigurationPlatforms) = preSolution
		Debug|Any CPU = Debug|Any CPU
		Release|Any CPU = Release|Any CPU
	EndGlobalSection
	GlobalSection(ProjectConfigurationPlatforms) = postSolution
		{FDF77FBE-8A5C-435D-A4B3-9B1F5A8F803E}.Debug|Any CPU.ActiveCfg = Debug|Any CPU
		{FDF77FBE-8A5C-435D-A4B3-9B1F5A8F803E}.Debug|Any CPU.Build.0 = Debug|Any CPU
		{FDF77FBE-8A5C-435D-A4B3-9B1F5A8F803E}.Release|Any CPU.ActiveCfg = Release|Any CPU
		{FDF77FBE-8A5C-435D-A4B3-9B1F5A8F803E}.Release|Any CPU.Build.0 = Release|Any CPU
	EndGlobalSection
	GlobalSection(SolutionProperties) = preSolution
		HideSolutionNode = FALSE
	EndGlobalSection
	GlobalSection(ExtensibilityGlobals) = postSolution
		SolutionGuid = {0EE6EF9A-E0E0-4CF6-BCFF-8420E80B451D}
	EndGlobalSection
EndGlobal
