
Microsoft Visual Studio Solution File, Format Version 12.00
# Visual Studio Version 17
VisualStudioVersion = 17.13.35825.156 d17.13
MinimumVisualStudioVersion = 10.0.40219.1
Project("{FAE04EC0-301F-11D3-BF4B-00C04F79EFBC}") = "Assignment04", "Assignment04.csproj", "{B3E58ECA-B4F0-4A42-B5F7-8E7F9E02A28B}"
EndProject
Global
	GlobalSection(SolutionConfigurationPlatforms) = preSolution
		Debug|Any CPU = Debug|Any CPU
		Release|Any CPU = Release|Any CPU
	EndGlobalSection
	GlobalSection(ProjectConfigurationPlatforms) = postSolution
		{B3E58ECA-B4F0-4A42-B5F7-8E7F9E02A28B}.Debug|Any CPU.ActiveCfg = Debug|Any CPU
		{B3E58ECA-B4F0-4A42-B5F7-8E7F9E02A28B}.Debug|Any CPU.Build.0 = Debug|Any CPU
		{B3E58ECA-B4F0-4A42-B5F7-8E7F9E02A28B}.Release|Any CPU.ActiveCfg = Release|Any CPU
		{B3E58ECA-B4F0-4A42-B5F7-8E7F9E02A28B}.Release|Any CPU.Build.0 = Release|Any CPU
	EndGlobalSection
	GlobalSection(SolutionProperties) = preSolution
		HideSolutionNode = FALSE
	EndGlobalSection
	GlobalSection(ExtensibilityGlobals) = postSolution
		SolutionGuid = {3699C526-DDB1-4E14-90D6-B76716EF98EB}
	EndGlobalSection
EndGlobal
